
Microsoft Visual Studio Solution File, Format Version 12.00
# Visual Studio Version 17
VisualStudioVersion = 17.6.33815.320
MinimumVisualStudioVersion = 10.0.40219.1
Project("{9A19103F-16F7-4668-BE54-9A1E7A4F7556}") = "Cinema", "Cinema.csproj", "{A3EF3CC7-3CED-4334-9E38-9F34927AD7BB}"
EndProject
Project("{9A19103F-16F7-4668-BE54-9A1E7A4F7556}") = "Domain", "..\Data\Domain.csproj", "{7FDFF35C-2E65-402A-A3DA-88C4B9A76610}"
EndProject
Project("{9A19103F-16F7-4668-BE54-9A1E7A4F7556}") = "Repo", "..\Repo\Repo.csproj", "{F8FF8AEB-F6AB-4C5C-91A9-09A7BE4D697F}"
	ProjectSection(ProjectDependencies) = postProject
		{7AFD98E2-B49B-42BB-AFB8-D5511E7E821F} = {7AFD98E2-B49B-42BB-AFB8-D5511E7E821F}
	EndProjectSection
EndProject
Project("{9A19103F-16F7-4668-BE54-9A1E7A4F7556}") = "Service", "..\Service\Service.csproj", "{F5D6BCE1-8F4E-4370-85EB-ECE2ACBC9613}"
	ProjectSection(ProjectDependencies) = postProject
		{7FDFF35C-2E65-402A-A3DA-88C4B9A76610} = {7FDFF35C-2E65-402A-A3DA-88C4B9A76610}
		{F8FF8AEB-F6AB-4C5C-91A9-09A7BE4D697F} = {F8FF8AEB-F6AB-4C5C-91A9-09A7BE4D697F}
	EndProjectSection
EndProject
Project("{FAE04EC0-301F-11D3-BF4B-00C04F79EFBC}") = "Enums", "..\Enums\Enums.csproj", "{7AFD98E2-B49B-42BB-AFB8-D5511E7E821F}"
EndProject
Global
	GlobalSection(SolutionConfigurationPlatforms) = preSolution
		Debug|Any CPU = Debug|Any CPU
		Release|Any CPU = Release|Any CPU
	EndGlobalSection
	GlobalSection(ProjectConfigurationPlatforms) = postSolution
		{A3EF3CC7-3CED-4334-9E38-9F34927AD7BB}.Debug|Any CPU.ActiveCfg = Debug|Any CPU
		{A3EF3CC7-3CED-4334-9E38-9F34927AD7BB}.Debug|Any CPU.Build.0 = Debug|Any CPU
		{A3EF3CC7-3CED-4334-9E38-9F34927AD7BB}.Release|Any CPU.ActiveCfg = Release|Any CPU
		{A3EF3CC7-3CED-4334-9E38-9F34927AD7BB}.Release|Any CPU.Build.0 = Release|Any CPU
		{7FDFF35C-2E65-402A-A3DA-88C4B9A76610}.Debug|Any CPU.ActiveCfg = Debug|Any CPU
		{7FDFF35C-2E65-402A-A3DA-88C4B9A76610}.Debug|Any CPU.Build.0 = Debug|Any CPU
		{7FDFF35C-2E65-402A-A3DA-88C4B9A76610}.Release|Any CPU.ActiveCfg = Release|Any CPU
		{7FDFF35C-2E65-402A-A3DA-88C4B9A76610}.Release|Any CPU.Build.0 = Release|Any CPU
		{F8FF8AEB-F6AB-4C5C-91A9-09A7BE4D697F}.Debug|Any CPU.ActiveCfg = Debug|Any CPU
		{F8FF8AEB-F6AB-4C5C-91A9-09A7BE4D697F}.Debug|Any CPU.Build.0 = Debug|Any CPU
		{F8FF8AEB-F6AB-4C5C-91A9-09A7BE4D697F}.Release|Any CPU.ActiveCfg = Release|Any CPU
		{F8FF8AEB-F6AB-4C5C-91A9-09A7BE4D697F}.Release|Any CPU.Build.0 = Release|Any CPU
		{F5D6BCE1-8F4E-4370-85EB-ECE2ACBC9613}.Debug|Any CPU.ActiveCfg = Debug|Any CPU
		{F5D6BCE1-8F4E-4370-85EB-ECE2ACBC9613}.Debug|Any CPU.Build.0 = Debug|Any CPU
		{F5D6BCE1-8F4E-4370-85EB-ECE2ACBC9613}.Release|Any CPU.ActiveCfg = Release|Any CPU
		{F5D6BCE1-8F4E-4370-85EB-ECE2ACBC9613}.Release|Any CPU.Build.0 = Release|Any CPU
		{7AFD98E2-B49B-42BB-AFB8-D5511E7E821F}.Debug|Any CPU.ActiveCfg = Debug|Any CPU
		{7AFD98E2-B49B-42BB-AFB8-D5511E7E821F}.Debug|Any CPU.Build.0 = Debug|Any CPU
		{7AFD98E2-B49B-42BB-AFB8-D5511E7E821F}.Release|Any CPU.ActiveCfg = Release|Any CPU
		{7AFD98E2-B49B-42BB-AFB8-D5511E7E821F}.Release|Any CPU.Build.0 = Release|Any CPU
	EndGlobalSection
	GlobalSection(SolutionProperties) = preSolution
		HideSolutionNode = FALSE
	EndGlobalSection
	GlobalSection(ExtensibilityGlobals) = postSolution
		SolutionGuid = {599D5A0E-817E-4E97-9E4C-9ECFBF09101F}
	EndGlobalSection
EndGlobal
